
Microsoft Visual Studio Solution File, Format Version 12.00
# Visual Studio Version 16
VisualStudioVersion = 16.0.32413.511
MinimumVisualStudioVersion = 10.0.40219.1
Project("{FAE04EC0-301F-11D3-BF4B-00C04F79EFBC}") = "shangweiji", "shangweiji.csproj", "{85B65E25-EEFD-40CE-8245-F4138DE67941}"
EndProject
Project("{54435603-DBB4-11D2-8724-00A0C9A8B90C}") = "生产线测试程序", "..\生产线测试程序\生产线测试程序.vdproj", "{C623B393-1E18-45B8-8230-F3F87C6D06B7}"
EndProject
Global
	GlobalSection(SolutionConfigurationPlatforms) = preSolution
		Debug|Any CPU = Debug|Any CPU
		Release|Any CPU = Release|Any CPU
	EndGlobalSection
	GlobalSection(ProjectConfigurationPlatforms) = postSolution
		{85B65E25-EEFD-40CE-8245-F4138DE67941}.Debug|Any CPU.ActiveCfg = Debug|Any CPU
		{85B65E25-EEFD-40CE-8245-F4138DE67941}.Debug|Any CPU.Build.0 = Debug|Any CPU
		{85B65E25-EEFD-40CE-8245-F4138DE67941}.Release|Any CPU.ActiveCfg = Release|Any CPU
		{85B65E25-EEFD-40CE-8245-F4138DE67941}.Release|Any CPU.Build.0 = Release|Any CPU
		{C623B393-1E18-45B8-8230-F3F87C6D06B7}.Debug|Any CPU.ActiveCfg = Debug
		{C623B393-1E18-45B8-8230-F3F87C6D06B7}.Release|Any CPU.ActiveCfg = Release
	EndGlobalSection
	GlobalSection(SolutionProperties) = preSolution
		HideSolutionNode = FALSE
	EndGlobalSection
	GlobalSection(ExtensibilityGlobals) = postSolution
		SolutionGuid = {1B58BED6-20F3-4F45-9900-C55138F6D9D9}
	EndGlobalSection
EndGlobal
